# Pre registration freeze. Regenerate ONLY as a recorded amendment (PREREGISTRATION.md section 12).
freeze_sha256 0f426178fd7367b6a55b3d7683d818ffa5678e23360dc5ff6c7fca26ba7cca50
cb01e21166042afe5642571e4a836e9e0ddeba6a0de18ee6dce0e978c55cac47  PREREGISTRATION.md
92eee0479b99b95bff8e439ef2b9e9672fd5148ba96c4c4dbcb64e749782108f  results/SCHEMA.md
47aa433c56e844cdc95c16499ddf8ac0efff13f60b8d63139d40edcd012ee707  corpus/README.md
42cb3e11f004772d9f0d37d9d87de65296c19770d6798377370bbc03a0fc9dc0  corpus/access_control_rbac_abac.json
ebe0f52cfa3f38f86318487958ef0229633fd110223c6929eb80615cf884a8e3  corpus/ai_action_gate.json
0747800ff060bea64c861127888fbd354be249d74b392cbc4217aeb43243758e  corpus/document_sharing_rebac.json
3fd6c5124205589303fc54bd672132680b41df8962eb7f264574dc4a6147adeb  corpus/expense_approval.json
a9e59c2127c19810473aff807d4feeec5dbc63d4342f64645e85add00041f2d2  corpus/network_admission.json
f19224bc28d1e828096043b33458e3b095226d1d621379d689a8e9e071108074  corpus/sensor_interlock.json
