# Pre registration freeze. Regenerate ONLY as a recorded amendment (PREREGISTRATION.md section 12).
freeze_sha256 54f05739b13c70b88895d1d7e39c69eaf9794cbe61897be7001a5d38b949dc78
0626cd85f25e03c9d46fd369bdf845c1695c54585d157289cb3c42c11295eca2  PREREGISTRATION.md
92eee0479b99b95bff8e439ef2b9e9672fd5148ba96c4c4dbcb64e749782108f  results/SCHEMA.md
f9dd9ab93e3326741fbcc9f12c5156c2ed780d5c15d1efe6a81d4b0938516432  corpus/README.md
42cb3e11f004772d9f0d37d9d87de65296c19770d6798377370bbc03a0fc9dc0  corpus/access_control_rbac_abac.json
ebe0f52cfa3f38f86318487958ef0229633fd110223c6929eb80615cf884a8e3  corpus/ai_action_gate.json
fd26c942b0b31b8fd366cdf3731c3fd262a52387707acdcbad920c75b9bf03c4  corpus/document_sharing_rebac.json
3fd6c5124205589303fc54bd672132680b41df8962eb7f264574dc4a6147adeb  corpus/expense_approval.json
a9e59c2127c19810473aff807d4feeec5dbc63d4342f64645e85add00041f2d2  corpus/network_admission.json
f19224bc28d1e828096043b33458e3b095226d1d621379d689a8e9e071108074  corpus/sensor_interlock.json
